# This file is automatically @generated by Wally.
# It is not intended for manual editing.
registry = "test"

[[package]]
name = "caped/ecs-react-template"
version = "0.1.0"
dependencies = [["squash", "data-oriented-house/squash@1.1.6"]]

[[package]]
name = "data-oriented-house/squash"
version = "1.1.6"
dependencies = []
